
Microsoft Visual Studio Solution File, Format Version 12.00
# Visual Studio Version 16
VisualStudioVersion = 16.0.30413.136
MinimumVisualStudioVersion = 10.0.40219.1
Project("{FAE04EC0-301F-11D3-BF4B-00C04F79EFBC}") = "MSPlanillasQuinta", "MSPlanillasQuinta\MSPlanillasQuinta.csproj", "{517839C7-B412-41B2-8E23-85CEA0942F61}"
EndProject
Project("{FAE04EC0-301F-11D3-BF4B-00C04F79EFBC}") = "MSRepositorioPlanillasQuinta", "MSRepositorioPlanillasQuinta\MSRepositorioPlanillasQuinta.csproj", "{68F3DEB5-893E-4ACB-9F79-F9AFE2DCB1BA}"
EndProject
Project("{FAE04EC0-301F-11D3-BF4B-00C04F79EFBC}") = "MSEntidades", "MSEntidades\MSEntidades.csproj", "{250ABF2D-76CF-4DD5-8A9D-7BF5D7BEB995}"
EndProject
Global
	GlobalSection(SolutionConfigurationPlatforms) = preSolution
		Debug|Any CPU = Debug|Any CPU
		Release|Any CPU = Release|Any CPU
	EndGlobalSection
	GlobalSection(ProjectConfigurationPlatforms) = postSolution
		{517839C7-B412-41B2-8E23-85CEA0942F61}.Debug|Any CPU.ActiveCfg = Debug|Any CPU
		{517839C7-B412-41B2-8E23-85CEA0942F61}.Debug|Any CPU.Build.0 = Debug|Any CPU
		{517839C7-B412-41B2-8E23-85CEA0942F61}.Release|Any CPU.ActiveCfg = Release|Any CPU
		{517839C7-B412-41B2-8E23-85CEA0942F61}.Release|Any CPU.Build.0 = Release|Any CPU
		{68F3DEB5-893E-4ACB-9F79-F9AFE2DCB1BA}.Debug|Any CPU.ActiveCfg = Debug|Any CPU
		{68F3DEB5-893E-4ACB-9F79-F9AFE2DCB1BA}.Debug|Any CPU.Build.0 = Debug|Any CPU
		{68F3DEB5-893E-4ACB-9F79-F9AFE2DCB1BA}.Release|Any CPU.ActiveCfg = Release|Any CPU
		{68F3DEB5-893E-4ACB-9F79-F9AFE2DCB1BA}.Release|Any CPU.Build.0 = Release|Any CPU
		{250ABF2D-76CF-4DD5-8A9D-7BF5D7BEB995}.Debug|Any CPU.ActiveCfg = Debug|Any CPU
		{250ABF2D-76CF-4DD5-8A9D-7BF5D7BEB995}.Debug|Any CPU.Build.0 = Debug|Any CPU
		{250ABF2D-76CF-4DD5-8A9D-7BF5D7BEB995}.Release|Any CPU.ActiveCfg = Release|Any CPU
		{250ABF2D-76CF-4DD5-8A9D-7BF5D7BEB995}.Release|Any CPU.Build.0 = Release|Any CPU
	EndGlobalSection
	GlobalSection(SolutionProperties) = preSolution
		HideSolutionNode = FALSE
	EndGlobalSection
	GlobalSection(ExtensibilityGlobals) = postSolution
		SolutionGuid = {02552AEC-E7C5-4D63-9FAE-3ED65778F743}
	EndGlobalSection
EndGlobal
